
Microsoft Visual Studio Solution File, Format Version 12.00
# Visual Studio 15
VisualStudioVersion = 15.0.27004.2006
MinimumVisualStudioVersion = 10.0.40219.1
Project("{8BC9CEB8-8B4A-11D0-8D11-00A0C91BC942}") = "Det", "Det\Det.vcxproj", "{525EF7E0-1648-4B56-9146-BD53BB4F1773}"
EndProject
Global
	GlobalSection(SolutionConfigurationPlatforms) = preSolution
		Debug|x64 = Debug|x64
		Debug|x86 = Debug|x86
		Release|x64 = Release|x64
		Release|x86 = Release|x86
	EndGlobalSection
	GlobalSection(ProjectConfigurationPlatforms) = postSolution
		{525EF7E0-1648-4B56-9146-BD53BB4F1773}.Debug|x64.ActiveCfg = Debug|x64
		{525EF7E0-1648-4B56-9146-BD53BB4F1773}.Debug|x64.Build.0 = Debug|x64
		{525EF7E0-1648-4B56-9146-BD53BB4F1773}.Debug|x86.ActiveCfg = Debug|Win32
		{525EF7E0-1648-4B56-9146-BD53BB4F1773}.Debug|x86.Build.0 = Debug|Win32
		{525EF7E0-1648-4B56-9146-BD53BB4F1773}.Release|x64.ActiveCfg = Release|x64
		{525EF7E0-1648-4B56-9146-BD53BB4F1773}.Release|x64.Build.0 = Release|x64
		{525EF7E0-1648-4B56-9146-BD53BB4F1773}.Release|x86.ActiveCfg = Release|Win32
		{525EF7E0-1648-4B56-9146-BD53BB4F1773}.Release|x86.Build.0 = Release|Win32
	EndGlobalSection
	GlobalSection(SolutionProperties) = preSolution
		HideSolutionNode = FALSE
	EndGlobalSection
	GlobalSection(ExtensibilityGlobals) = postSolution
		SolutionGuid = {34E0B102-6015-4E14-B0A1-6C3030D06046}
	EndGlobalSection
EndGlobal
